// !$*UTF8*$!
{
	archiveVersion = 1;
	classes = {
	};
	objectVersion = 56;
	objects = {

/* Begin PBXBuildFile section */
		3D1953AD2A04B50D00CC2769 /* MyCardView.swift in Sources */ = {isa = PBXBuildFile; fileRef = 3D1953AC2A04B50D00CC2769 /* MyCardView.swift */; };
		3D1953AF2A053A0300CC2769 /* CategoryBar.swift in Sources */ = {isa = PBXBuildFile; fileRef = 3D1953AE2A053A0300CC2769 /* CategoryBar.swift */; };
		3D68049329F9B75900A48BC3 /* AppDelegate.swift in Sources */ = {isa = PBXBuildFile; fileRef = 3D68049229F9B75900A48BC3 /* AppDelegate.swift */; };
		3D68049529F9B75900A48BC3 /* SceneDelegate.swift in Sources */ = {isa = PBXBuildFile; fileRef = 3D68049429F9B75900A48BC3 /* SceneDelegate.swift */; };
		3D68049729F9B75900A48BC3 /* ViewController.swift in Sources */ = {isa = PBXBuildFile; fileRef = 3D68049629F9B75900A48BC3 /* ViewController.swift */; };
		3D68049D29F9B75900A48BC3 /* CryptoChat.xcdatamodeld in Sources */ = {isa = PBXBuildFile; fileRef = 3D68049B29F9B75900A48BC3 /* CryptoChat.xcdatamodeld */; };
		3D68049F29F9B75A00A48BC3 /* Assets.xcassets in Resources */ = {isa = PBXBuildFile; fileRef = 3D68049E29F9B75A00A48BC3 /* Assets.xcassets */; };
		3D6804A229F9B75A00A48BC3 /* LaunchScreen.storyboard in Resources */ = {isa = PBXBuildFile; fileRef = 3D6804A029F9B75A00A48BC3 /* LaunchScreen.storyboard */; };
		3D6804AD29F9B75A00A48BC3 /* CryptoChatTests.swift in Sources */ = {isa = PBXBuildFile; fileRef = 3D6804AC29F9B75A00A48BC3 /* CryptoChatTests.swift */; };
		3D6804B729F9B75A00A48BC3 /* CryptoChatUITests.swift in Sources */ = {isa = PBXBuildFile; fileRef = 3D6804B629F9B75A00A48BC3 /* CryptoChatUITests.swift */; };
		3D6804B929F9B75A00A48BC3 /* CryptoChatUITestsLaunchTests.swift in Sources */ = {isa = PBXBuildFile; fileRef = 3D6804B829F9B75A00A48BC3 /* CryptoChatUITestsLaunchTests.swift */; };
		3D6804C729F9B80600A48BC3 /* Alamofire in Frameworks */ = {isa = PBXBuildFile; productRef = 3D6804C629F9B80600A48BC3 /* Alamofire */; };
		3D6804CA29F9B83800A48BC3 /* SnapKit in Frameworks */ = {isa = PBXBuildFile; productRef = 3D6804C929F9B83800A48BC3 /* SnapKit */; };
		3D6804CD29F9B86200A48BC3 /* SwiftyJSON in Frameworks */ = {isa = PBXBuildFile; productRef = 3D6804CC29F9B86200A48BC3 /* SwiftyJSON */; };
		3D7F71172A02208F00B33DDC /* UIViewController+Ext.swift in Sources */ = {isa = PBXBuildFile; fileRef = 3D7F71162A02208F00B33DDC /* UIViewController+Ext.swift */; };
		3D7F71192A0239AD00B33DDC /* UIView+Ext.swift in Sources */ = {isa = PBXBuildFile; fileRef = 3D7F71182A0239AD00B33DDC /* UIView+Ext.swift */; };
		3D7F711B2A023D5000B33DDC /* CustomViewTest.swift in Sources */ = {isa = PBXBuildFile; fileRef = 3D7F711A2A023D5000B33DDC /* CustomViewTest.swift */; };
/* End PBXBuildFile section */

/* Begin PBXContainerItemProxy section */
		3D6804A929F9B75A00A48BC3 /* PBXContainerItemProxy */ = {
			isa = PBXContainerItemProxy;
			containerPortal = 3D68048729F9B75900A48BC3 /* Project object */;
			proxyType = 1;
			remoteGlobalIDString = 3D68048E29F9B75900A48BC3;
			remoteInfo = CryptoChat;
		};
		3D6804B329F9B75A00A48BC3 /* PBXContainerItemProxy */ = {
			isa = PBXContainerItemProxy;
			containerPortal = 3D68048729F9B75900A48BC3 /* Project object */;
			proxyType = 1;
			remoteGlobalIDString = 3D68048E29F9B75900A48BC3;
			remoteInfo = CryptoChat;
		};
/* End PBXContainerItemProxy section */

/* Begin PBXFileReference section */
		3D1953AC2A04B50D00CC2769 /* MyCardView.swift */ = {isa = PBXFileReference; lastKnownFileType = sourcecode.swift; path = MyCardView.swift; sourceTree = "<group>"; };
		3D1953AE2A053A0300CC2769 /* CategoryBar.swift */ = {isa = PBXFileReference; lastKnownFileType = sourcecode.swift; path = CategoryBar.swift; sourceTree = "<group>"; };
		3D68048F29F9B75900A48BC3 /* CryptoChat.app */ = {isa = PBXFileReference; explicitFileType = wrapper.application; includeInIndex = 0; path = CryptoChat.app; sourceTree = BUILT_PRODUCTS_DIR; };
		3D68049229F9B75900A48BC3 /* AppDelegate.swift */ = {isa = PBXFileReference; lastKnownFileType = sourcecode.swift; path = AppDelegate.swift; sourceTree = "<group>"; };
		3D68049429F9B75900A48BC3 /* SceneDelegate.swift */ = {isa = PBXFileReference; lastKnownFileType = sourcecode.swift; path = SceneDelegate.swift; sourceTree = "<group>"; };
		3D68049629F9B75900A48BC3 /* ViewController.swift */ = {isa = PBXFileReference; lastKnownFileType = sourcecode.swift; path = ViewController.swift; sourceTree = "<group>"; };
		3D68049C29F9B75900A48BC3 /* CryptoChat.xcdatamodel */ = {isa = PBXFileReference; lastKnownFileType = wrapper.xcdatamodel; path = CryptoChat.xcdatamodel; sourceTree = "<group>"; };
		3D68049E29F9B75A00A48BC3 /* Assets.xcassets */ = {isa = PBXFileReference; lastKnownFileType = folder.assetcatalog; path = Assets.xcassets; sourceTree = "<group>"; };
		3D6804A129F9B75A00A48BC3 /* Base */ = {isa = PBXFileReference; lastKnownFileType = file.storyboard; name = Base; path = Base.lproj/LaunchScreen.storyboard; sourceTree = "<group>"; };
		3D6804A329F9B75A00A48BC3 /* Info.plist */ = {isa = PBXFileReference; lastKnownFileType = text.plist.xml; path = Info.plist; sourceTree = "<group>"; };
		3D6804A829F9B75A00A48BC3 /* CryptoChatTests.xctest */ = {isa = PBXFileReference; explicitFileType = wrapper.cfbundle; includeInIndex = 0; path = CryptoChatTests.xctest; sourceTree = BUILT_PRODUCTS_DIR; };
		3D6804AC29F9B75A00A48BC3 /* CryptoChatTests.swift */ = {isa = PBXFileReference; lastKnownFileType = sourcecode.swift; path = CryptoChatTests.swift; sourceTree = "<group>"; };
		3D6804B229F9B75A00A48BC3 /* CryptoChatUITests.xctest */ = {isa = PBXFileReference; explicitFileType = wrapper.cfbundle; includeInIndex = 0; path = CryptoChatUITests.xctest; sourceTree = BUILT_PRODUCTS_DIR; };
		3D6804B629F9B75A00A48BC3 /* CryptoChatUITests.swift */ = {isa = PBXFileReference; lastKnownFileType = sourcecode.swift; path = CryptoChatUITests.swift; sourceTree = "<group>"; };
		3D6804B829F9B75A00A48BC3 /* CryptoChatUITestsLaunchTests.swift */ = {isa = PBXFileReference; lastKnownFileType = sourcecode.swift; path = CryptoChatUITestsLaunchTests.swift; sourceTree = "<group>"; };
		3D7F71162A02208F00B33DDC /* UIViewController+Ext.swift */ = {isa = PBXFileReference; lastKnownFileType = sourcecode.swift; path = "UIViewController+Ext.swift"; sourceTree = "<group>"; };
		3D7F71182A0239AD00B33DDC /* UIView+Ext.swift */ = {isa = PBXFileReference; lastKnownFileType = sourcecode.swift; path = "UIView+Ext.swift"; sourceTree = "<group>"; };
		3D7F711A2A023D5000B33DDC /* CustomViewTest.swift */ = {isa = PBXFileReference; lastKnownFileType = sourcecode.swift; path = CustomViewTest.swift; sourceTree = "<group>"; };
/* End PBXFileReference section */

/* Begin PBXFrameworksBuildPhase section */
		3D68048C29F9B75900A48BC3 /* Frameworks */ = {
			isa = PBXFrameworksBuildPhase;
			buildActionMask = 2147483647;
			files = (
				3D6804CD29F9B86200A48BC3 /* SwiftyJSON in Frameworks */,
				3D6804C729F9B80600A48BC3 /* Alamofire in Frameworks */,
				3D6804CA29F9B83800A48BC3 /* SnapKit in Frameworks */,
			);
			runOnlyForDeploymentPostprocessing = 0;
		};
		3D6804A529F9B75A00A48BC3 /* Frameworks */ = {
			isa = PBXFrameworksBuildPhase;
			buildActionMask = 2147483647;
			files = (
			);
			runOnlyForDeploymentPostprocessing = 0;
		};
		3D6804AF29F9B75A00A48BC3 /* Frameworks */ = {
			isa = PBXFrameworksBuildPhase;
			buildActionMask = 2147483647;
			files = (
			);
			runOnlyForDeploymentPostprocessing = 0;
		};
/* End PBXFrameworksBuildPhase section */

/* Begin PBXGroup section */
		3D68048629F9B75900A48BC3 = {
			isa = PBXGroup;
			children = (
				3D68049129F9B75900A48BC3 /* CryptoChat */,
				3D6804AB29F9B75A00A48BC3 /* CryptoChatTests */,
				3D6804B529F9B75A00A48BC3 /* CryptoChatUITests */,
				3D68049029F9B75900A48BC3 /* Products */,
			);
			sourceTree = "<group>";
		};
		3D68049029F9B75900A48BC3 /* Products */ = {
			isa = PBXGroup;
			children = (
				3D68048F29F9B75900A48BC3 /* CryptoChat.app */,
				3D6804A829F9B75A00A48BC3 /* CryptoChatTests.xctest */,
				3D6804B229F9B75A00A48BC3 /* CryptoChatUITests.xctest */,
			);
			name = Products;
			sourceTree = "<group>";
		};
		3D68049129F9B75900A48BC3 /* CryptoChat */ = {
			isa = PBXGroup;
			children = (
				3D68049229F9B75900A48BC3 /* AppDelegate.swift */,
				3D68049429F9B75900A48BC3 /* SceneDelegate.swift */,
				3D90C5002A036AB10053A549 /* Components */,
				3D68049629F9B75900A48BC3 /* ViewController.swift */,
				3D7F711A2A023D5000B33DDC /* CustomViewTest.swift */,
				3D7F71152A02206000B33DDC /* Extention */,
				3D68049E29F9B75A00A48BC3 /* Assets.xcassets */,
				3D6804A029F9B75A00A48BC3 /* LaunchScreen.storyboard */,
				3D6804A329F9B75A00A48BC3 /* Info.plist */,
				3D68049B29F9B75900A48BC3 /* CryptoChat.xcdatamodeld */,
			);
			path = CryptoChat;
			sourceTree = "<group>";
		};
		3D6804AB29F9B75A00A48BC3 /* CryptoChatTests */ = {
			isa = PBXGroup;
			children = (
				3D6804AC29F9B75A00A48BC3 /* CryptoChatTests.swift */,
			);
			path = CryptoChatTests;
			sourceTree = "<group>";
		};
		3D6804B529F9B75A00A48BC3 /* CryptoChatUITests */ = {
			isa = PBXGroup;
			children = (
				3D6804B629F9B75A00A48BC3 /* CryptoChatUITests.swift */,
				3D6804B829F9B75A00A48BC3 /* CryptoChatUITestsLaunchTests.swift */,
			);
			path = CryptoChatUITests;
			sourceTree = "<group>";
		};
		3D7F71152A02206000B33DDC /* Extention */ = {
			isa = PBXGroup;
			children = (
				3D7F71162A02208F00B33DDC /* UIViewController+Ext.swift */,
				3D7F71182A0239AD00B33DDC /* UIView+Ext.swift */,
			);
			path = Extention;
			sourceTree = "<group>";
		};
		3D90C5002A036AB10053A549 /* Components */ = {
			isa = PBXGroup;
			children = (
				3D1953AC2A04B50D00CC2769 /* MyCardView.swift */,
				3D1953AE2A053A0300CC2769 /* CategoryBar.swift */,
			);
			path = Components;
			sourceTree = "<group>";
		};
/* End PBXGroup section */

/* Begin PBXNativeTarget section */
		3D68048E29F9B75900A48BC3 /* CryptoChat */ = {
			isa = PBXNativeTarget;
			buildConfigurationList = 3D6804BC29F9B75A00A48BC3 /* Build configuration list for PBXNativeTarget "CryptoChat" */;
			buildPhases = (
				3D68048B29F9B75900A48BC3 /* Sources */,
				3D68048C29F9B75900A48BC3 /* Frameworks */,
				3D68048D29F9B75900A48BC3 /* Resources */,
			);
			buildRules = (
			);
			dependencies = (
			);
			name = CryptoChat;
			packageProductDependencies = (
				3D6804C629F9B80600A48BC3 /* Alamofire */,
				3D6804C929F9B83800A48BC3 /* SnapKit */,
				3D6804CC29F9B86200A48BC3 /* SwiftyJSON */,
			);
			productName = CryptoChat;
			productReference = 3D68048F29F9B75900A48BC3 /* CryptoChat.app */;
			productType = "com.apple.product-type.application";
		};
		3D6804A729F9B75A00A48BC3 /* CryptoChatTests */ = {
			isa = PBXNativeTarget;
			buildConfigurationList = 3D6804BF29F9B75A00A48BC3 /* Build configuration list for PBXNativeTarget "CryptoChatTests" */;
			buildPhases = (
				3D6804A429F9B75A00A48BC3 /* Sources */,
				3D6804A529F9B75A00A48BC3 /* Frameworks */,
				3D6804A629F9B75A00A48BC3 /* Resources */,
			);
			buildRules = (
			);
			dependencies = (
				3D6804AA29F9B75A00A48BC3 /* PBXTargetDependency */,
			);
			name = CryptoChatTests;
			productName = CryptoChatTests;
			productReference = 3D6804A829F9B75A00A48BC3 /* CryptoChatTests.xctest */;
			productType = "com.apple.product-type.bundle.unit-test";
		};
		3D6804B129F9B75A00A48BC3 /* CryptoChatUITests */ = {
			isa = PBXNativeTarget;
			buildConfigurationList = 3D6804C229F9B75A00A48BC3 /* Build configuration list for PBXNativeTarget "CryptoChatUITests" */;
			buildPhases = (
				3D6804AE29F9B75A00A48BC3 /* Sources */,
				3D6804AF29F9B75A00A48BC3 /* Frameworks */,
				3D6804B029F9B75A00A48BC3 /* Resources */,
			);
			buildRules = (
			);
			dependencies = (
				3D6804B429F9B75A00A48BC3 /* PBXTargetDependency */,
			);
			name = CryptoChatUITests;
			productName = CryptoChatUITests;
			productReference = 3D6804B229F9B75A00A48BC3 /* CryptoChatUITests.xctest */;
			productType = "com.apple.product-type.bundle.ui-testing";
		};
/* End PBXNativeTarget section */

/* Begin PBXProject section */
		3D68048729F9B75900A48BC3 /* Project object */ = {
			isa = PBXProject;
			attributes = {
				BuildIndependentTargetsInParallel = 1;
				LastSwiftUpdateCheck = 1430;
				LastUpgradeCheck = 1430;
				TargetAttributes = {
					3D68048E29F9B75900A48BC3 = {
						CreatedOnToolsVersion = 14.3;
					};
					3D6804A729F9B75A00A48BC3 = {
						CreatedOnToolsVersion = 14.3;
						TestTargetID = 3D68048E29F9B75900A48BC3;
					};
					3D6804B129F9B75A00A48BC3 = {
						CreatedOnToolsVersion = 14.3;
						TestTargetID = 3D68048E29F9B75900A48BC3;
					};
				};
			};
			buildConfigurationList = 3D68048A29F9B75900A48BC3 /* Build configuration list for PBXProject "CryptoChat" */;
			compatibilityVersion = "Xcode 14.0";
			developmentRegion = en;
			hasScannedForEncodings = 0;
			knownRegions = (
				en,
				Base,
			);
			mainGroup = 3D68048629F9B75900A48BC3;
			packageReferences = (
				3D6804C529F9B80600A48BC3 /* XCRemoteSwiftPackageReference "Alamofire" */,
				3D6804C829F9B83800A48BC3 /* XCRemoteSwiftPackageReference "SnapKit" */,
				3D6804CB29F9B86200A48BC3 /* XCRemoteSwiftPackageReference "SwiftyJSON" */,
			);
			productRefGroup = 3D68049029F9B75900A48BC3 /* Products */;
			projectDirPath = "";
			projectRoot = "";
			targets = (
				3D68048E29F9B75900A48BC3 /* CryptoChat */,
				3D6804A729F9B75A00A48BC3 /* CryptoChatTests */,
				3D6804B129F9B75A00A48BC3 /* CryptoChatUITests */,
			);
		};
/* End PBXProject section */

/* Begin PBXResourcesBuildPhase section */
		3D68048D29F9B75900A48BC3 /* Resources */ = {
			isa = PBXResourcesBuildPhase;
			buildActionMask = 2147483647;
			files = (
				3D6804A229F9B75A00A48BC3 /* LaunchScreen.storyboard in Resources */,
				3D68049F29F9B75A00A48BC3 /* Assets.xcassets in Resources */,
			);
			runOnlyForDeploymentPostprocessing = 0;
		};
		3D6804A629F9B75A00A48BC3 /* Resources */ = {
			isa = PBXResourcesBuildPhase;
			buildActionMask = 2147483647;
			files = (
			);
			runOnlyForDeploymentPostprocessing = 0;
		};
		3D6804B029F9B75A00A48BC3 /* Resources */ = {
			isa = PBXResourcesBuildPhase;
			buildActionMask = 2147483647;
			files = (
			);
			runOnlyForDeploymentPostprocessing = 0;
		};
/* End PBXResourcesBuildPhase section */

/* Begin PBXSourcesBuildPhase section */
		3D68048B29F9B75900A48BC3 /* Sources */ = {
			isa = PBXSourcesBuildPhase;
			buildActionMask = 2147483647;
			files = (
				3D68049D29F9B75900A48BC3 /* CryptoChat.xcdatamodeld in Sources */,
				3D68049729F9B75900A48BC3 /* ViewController.swift in Sources */,
				3D7F71192A0239AD00B33DDC /* UIView+Ext.swift in Sources */,
				3D7F711B2A023D5000B33DDC /* CustomViewTest.swift in Sources */,
				3D7F71172A02208F00B33DDC /* UIViewController+Ext.swift in Sources */,
				3D68049329F9B75900A48BC3 /* AppDelegate.swift in Sources */,
				3D1953AF2A053A0300CC2769 /* CategoryBar.swift in Sources */,
				3D1953AD2A04B50D00CC2769 /* MyCardView.swift in Sources */,
				3D68049529F9B75900A48BC3 /* SceneDelegate.swift in Sources */,
			);
			runOnlyForDeploymentPostprocessing = 0;
		};
		3D6804A429F9B75A00A48BC3 /* Sources */ = {
			isa = PBXSourcesBuildPhase;
			buildActionMask = 2147483647;
			files = (
				3D6804AD29F9B75A00A48BC3 /* CryptoChatTests.swift in Sources */,
			);
			runOnlyForDeploymentPostprocessing = 0;
		};
		3D6804AE29F9B75A00A48BC3 /* Sources */ = {
			isa = PBXSourcesBuildPhase;
			buildActionMask = 2147483647;
			files = (
				3D6804B729F9B75A00A48BC3 /* CryptoChatUITests.swift in Sources */,
				3D6804B929F9B75A00A48BC3 /* CryptoChatUITestsLaunchTests.swift in Sources */,
			);
			runOnlyForDeploymentPostprocessing = 0;
		};
/* End PBXSourcesBuildPhase section */

/* Begin PBXTargetDependency section */
		3D6804AA29F9B75A00A48BC3 /* PBXTargetDependency */ = {
			isa = PBXTargetDependency;
			target = 3D68048E29F9B75900A48BC3 /* CryptoChat */;
			targetProxy = 3D6804A929F9B75A00A48BC3 /* PBXContainerItemProxy */;
		};
		3D6804B429F9B75A00A48BC3 /* PBXTargetDependency */ = {
			isa = PBXTargetDependency;
			target = 3D68048E29F9B75900A48BC3 /* CryptoChat */;
			targetProxy = 3D6804B329F9B75A00A48BC3 /* PBXContainerItemProxy */;
		};
/* End PBXTargetDependency section */

/* Begin PBXVariantGroup section */
		3D6804A029F9B75A00A48BC3 /* LaunchScreen.storyboard */ = {
			isa = PBXVariantGroup;
			children = (
				3D6804A129F9B75A00A48BC3 /* Base */,
			);
			name = LaunchScreen.storyboard;
			sourceTree = "<group>";
		};
/* End PBXVariantGroup section */

/* Begin XCBuildConfiguration section */
		3D6804BA29F9B75A00A48BC3 /* Debug */ = {
			isa = XCBuildConfiguration;
			buildSettings = {
				ALWAYS_SEARCH_USER_PATHS = NO;
				CLANG_ANALYZER_NONNULL = YES;
				CLANG_ANALYZER_NUMBER_OBJECT_CONVERSION = YES_AGGRESSIVE;
				CLANG_CXX_LANGUAGE_STANDARD = "gnu++20";
				CLANG_ENABLE_MODULES = YES;
				CLANG_ENABLE_OBJC_ARC = YES;
				CLANG_ENABLE_OBJC_WEAK = YES;
				CLANG_WARN_BLOCK_CAPTURE_AUTORELEASING = YES;
				CLANG_WARN_BOOL_CONVERSION = YES;
				CLANG_WARN_COMMA = YES;
				CLANG_WARN_CONSTANT_CONVERSION = YES;
				CLANG_WARN_DEPRECATED_OBJC_IMPLEMENTATIONS = YES;
				CLANG_WARN_DIRECT_OBJC_ISA_USAGE = YES_ERROR;
				CLANG_WARN_DOCUMENTATION_COMMENTS = YES;
				CLANG_WARN_EMPTY_BODY = YES;
				CLANG_WARN_ENUM_CONVERSION = YES;
				CLANG_WARN_INFINITE_RECURSION = YES;
				CLANG_WARN_INT_CONVERSION = YES;
				CLANG_WARN_NON_LITERAL_NULL_CONVERSION = YES;
				CLANG_WARN_OBJC_IMPLICIT_RETAIN_SELF = YES;
				CLANG_WARN_OBJC_LITERAL_CONVERSION = YES;
				CLANG_WARN_OBJC_ROOT_CLASS = YES_ERROR;
				CLANG_WARN_QUOTED_INCLUDE_IN_FRAMEWORK_HEADER = YES;
				CLANG_WARN_RANGE_LOOP_ANALYSIS = YES;
				CLANG_WARN_STRICT_PROTOTYPES = YES;
				CLANG_WARN_SUSPICIOUS_MOVE = YES;
				CLANG_WARN_UNGUARDED_AVAILABILITY = YES_AGGRESSIVE;
				CLANG_WARN_UNREACHABLE_CODE = YES;
				CLANG_WARN__DUPLICATE_METHOD_MATCH = YES;
				COPY_PHASE_STRIP = NO;
				DEBUG_INFORMATION_FORMAT = dwarf;
				ENABLE_STRICT_OBJC_MSGSEND = YES;
				ENABLE_TESTABILITY = YES;
				GCC_C_LANGUAGE_STANDARD = gnu11;
				GCC_DYNAMIC_NO_PIC = NO;
				GCC_NO_COMMON_BLOCKS = YES;
				GCC_OPTIMIZATION_LEVEL = 0;
				GCC_PREPROCESSOR_DEFINITIONS = (
					"DEBUG=1",
					"$(inherited)",
				);
				GCC_WARN_64_TO_32_BIT_CONVERSION = YES;
				GCC_WARN_ABOUT_RETURN_TYPE = YES_ERROR;
				GCC_WARN_UNDECLARED_SELECTOR = YES;
				GCC_WARN_UNINITIALIZED_AUTOS = YES_AGGRESSIVE;
				GCC_WARN_UNUSED_FUNCTION = YES;
				GCC_WARN_UNUSED_VARIABLE = YES;
				IPHONEOS_DEPLOYMENT_TARGET = 16.4;
				MTL_ENABLE_DEBUG_INFO = INCLUDE_SOURCE;
				MTL_FAST_MATH = YES;
				ONLY_ACTIVE_ARCH = YES;
				SDKROOT = iphoneos;
				SWIFT_ACTIVE_COMPILATION_CONDITIONS = DEBUG;
				SWIFT_OPTIMIZATION_LEVEL = "-Onone";
			};
			name = Debug;
		};
		3D6804BB29F9B75A00A48BC3 /* Release */ = {
			isa = XCBuildConfiguration;
			buildSettings = {
				ALWAYS_SEARCH_USER_PATHS = NO;
				CLANG_ANALYZER_NONNULL = YES;
				CLANG_ANALYZER_NUMBER_OBJECT_CONVERSION = YES_AGGRESSIVE;
				CLANG_CXX_LANGUAGE_STANDARD = "gnu++20";
				CLANG_ENABLE_MODULES = YES;
				CLANG_ENABLE_OBJC_ARC = YES;
				CLANG_ENABLE_OBJC_WEAK = YES;
				CLANG_WARN_BLOCK_CAPTURE_AUTORELEASING = YES;
				CLANG_WARN_BOOL_CONVERSION = YES;
				CLANG_WARN_COMMA = YES;
				CLANG_WARN_CONSTANT_CONVERSION = YES;
				CLANG_WARN_DEPRECATED_OBJC_IMPLEMENTATIONS = YES;
				CLANG_WARN_DIRECT_OBJC_ISA_USAGE = YES_ERROR;
				CLANG_WARN_DOCUMENTATION_COMMENTS = YES;
				CLANG_WARN_EMPTY_BODY = YES;
				CLANG_WARN_ENUM_CONVERSION = YES;
				CLANG_WARN_INFINITE_RECURSION = YES;
				CLANG_WARN_INT_CONVERSION = YES;
				CLANG_WARN_NON_LITERAL_NULL_CONVERSION = YES;
				CLANG_WARN_OBJC_IMPLICIT_RETAIN_SELF = YES;
				CLANG_WARN_OBJC_LITERAL_CONVERSION = YES;
				CLANG_WARN_OBJC_ROOT_CLASS = YES_ERROR;
				CLANG_WARN_QUOTED_INCLUDE_IN_FRAMEWORK_HEADER = YES;
				CLANG_WARN_RANGE_LOOP_ANALYSIS = YES;
				CLANG_WARN_STRICT_PROTOTYPES = YES;
				CLANG_WARN_SUSPICIOUS_MOVE = YES;
				CLANG_WARN_UNGUARDED_AVAILABILITY = YES_AGGRESSIVE;
				CLANG_WARN_UNREACHABLE_CODE = YES;
				CLANG_WARN__DUPLICATE_METHOD_MATCH = YES;
				COPY_PHASE_STRIP = NO;
				DEBUG_INFORMATION_FORMAT = "dwarf-with-dsym";
				ENABLE_NS_ASSERTIONS = NO;
				ENABLE_STRICT_OBJC_MSGSEND = YES;
				GCC_C_LANGUAGE_STANDARD = gnu11;
				GCC_NO_COMMON_BLOCKS = YES;
				GCC_WARN_64_TO_32_BIT_CONVERSION = YES;
				GCC_WARN_ABOUT_RETURN_TYPE = YES_ERROR;
				GCC_WARN_UNDECLARED_SELECTOR = YES;
				GCC_WARN_UNINITIALIZED_AUTOS = YES_AGGRESSIVE;
				GCC_WARN_UNUSED_FUNCTION = YES;
				GCC_WARN_UNUSED_VARIABLE = YES;
				IPHONEOS_DEPLOYMENT_TARGET = 16.4;
				MTL_ENABLE_DEBUG_INFO = NO;
				MTL_FAST_MATH = YES;
				SDKROOT = iphoneos;
				SWIFT_COMPILATION_MODE = wholemodule;
				SWIFT_OPTIMIZATION_LEVEL = "-O";
				VALIDATE_PRODUCT = YES;
			};
			name = Release;
		};
		3D6804BD29F9B75A00A48BC3 /* Debug */ = {
			isa = XCBuildConfiguration;
			buildSettings = {
				ASSETCATALOG_COMPILER_APPICON_NAME = AppIcon;
				ASSETCATALOG_COMPILER_GLOBAL_ACCENT_COLOR_NAME = AccentColor;
				CODE_SIGN_STYLE = Automatic;
				CURRENT_PROJECT_VERSION = 1;
				DEVELOPMENT_TEAM = 55M8D74RGH;
				GENERATE_INFOPLIST_FILE = YES;
				INFOPLIST_FILE = CryptoChat/Info.plist;
				INFOPLIST_KEY_UIApplicationSupportsIndirectInputEvents = YES;
				INFOPLIST_KEY_UILaunchStoryboardName = LaunchScreen;
				INFOPLIST_KEY_UIMainStoryboardFile = "";
				INFOPLIST_KEY_UIStatusBarStyle = "";
				INFOPLIST_KEY_UISupportedInterfaceOrientations = UIInterfaceOrientationPortrait;
				INFOPLIST_KEY_UISupportedInterfaceOrientations_iPad = "UIInterfaceOrientationLandscapeLeft UIInterfaceOrientationLandscapeRight UIInterfaceOrientationPortrait UIInterfaceOrientationPortraitUpsideDown";
				IPHONEOS_DEPLOYMENT_TARGET = 14.0;
				LD_RUNPATH_SEARCH_PATHS = (
					"$(inherited)",
					"@executable_path/Frameworks",
				);
				MARKETING_VERSION = 1.0;
				PRODUCT_BUNDLE_IDENTIFIER = com.avocadojapan.CryptoChat;
				PRODUCT_NAME = "$(TARGET_NAME)";
				SUPPORTED_PLATFORMS = "iphoneos iphonesimulator";
				SUPPORTS_MACCATALYST = NO;
				SUPPORTS_MAC_DESIGNED_FOR_IPHONE_IPAD = NO;
				SWIFT_EMIT_LOC_STRINGS = YES;
				SWIFT_VERSION = 5.0;
				TARGETED_DEVICE_FAMILY = 1;
			};
			name = Debug;
		};
		3D6804BE29F9B75A00A48BC3 /* Release */ = {
			isa = XCBuildConfiguration;
			buildSettings = {
				ASSETCATALOG_COMPILER_APPICON_NAME = AppIcon;
				ASSETCATALOG_COMPILER_GLOBAL_ACCENT_COLOR_NAME = AccentColor;
				CODE_SIGN_STYLE = Automatic;
				CURRENT_PROJECT_VERSION = 1;
				DEVELOPMENT_TEAM = 55M8D74RGH;
				GENERATE_INFOPLIST_FILE = YES;
				INFOPLIST_FILE = CryptoChat/Info.plist;
				INFOPLIST_KEY_UIApplicationSupportsIndirectInputEvents = YES;
				INFOPLIST_KEY_UILaunchStoryboardName = LaunchScreen;
				INFOPLIST_KEY_UIMainStoryboardFile = "";
				INFOPLIST_KEY_UIStatusBarStyle = "";
				INFOPLIST_KEY_UISupportedInterfaceOrientations = UIInterfaceOrientationPortrait;
				INFOPLIST_KEY_UISupportedInterfaceOrientations_iPad = "UIInterfaceOrientationLandscapeLeft UIInterfaceOrientationLandscapeRight UIInterfaceOrientationPortrait UIInterfaceOrientationPortraitUpsideDown";
				IPHONEOS_DEPLOYMENT_TARGET = 14.0;
				LD_RUNPATH_SEARCH_PATHS = (
					"$(inherited)",
					"@executable_path/Frameworks",
				);
				MARKETING_VERSION = 1.0;
				PRODUCT_BUNDLE_IDENTIFIER = com.avocadojapan.CryptoChat;
				PRODUCT_NAME = "$(TARGET_NAME)";
				SUPPORTED_PLATFORMS = "iphoneos iphonesimulator";
				SUPPORTS_MACCATALYST = NO;
				SUPPORTS_MAC_DESIGNED_FOR_IPHONE_IPAD = NO;
				SWIFT_EMIT_LOC_STRINGS = YES;
				SWIFT_VERSION = 5.0;
				TARGETED_DEVICE_FAMILY = 1;
			};
			name = Release;
		};
		3D6804C029F9B75A00A48BC3 /* Debug */ = {
			isa = XCBuildConfiguration;
			buildSettings = {
				ALWAYS_EMBED_SWIFT_STANDARD_LIBRARIES = YES;
				BUNDLE_LOADER = "$(TEST_HOST)";
				CODE_SIGN_STYLE = Automatic;
				CURRENT_PROJECT_VERSION = 1;
				DEVELOPMENT_TEAM = 55M8D74RGH;
				GENERATE_INFOPLIST_FILE = YES;
				IPHONEOS_DEPLOYMENT_TARGET = 16.4;
				MARKETING_VERSION = 1.0;
				PRODUCT_BUNDLE_IDENTIFIER = com.avocadojapan.CryptoChatTests;
				PRODUCT_NAME = "$(TARGET_NAME)";
				SWIFT_EMIT_LOC_STRINGS = NO;
				SWIFT_VERSION = 5.0;
				TARGETED_DEVICE_FAMILY = "1,2";
				TEST_HOST = "$(BUILT_PRODUCTS_DIR)/CryptoChat.app/$(BUNDLE_EXECUTABLE_FOLDER_PATH)/CryptoChat";
			};
			name = Debug;
		};
		3D6804C129F9B75A00A48BC3 /* Release */ = {
			isa = XCBuildConfiguration;
			buildSettings = {
				ALWAYS_EMBED_SWIFT_STANDARD_LIBRARIES = YES;
				BUNDLE_LOADER = "$(TEST_HOST)";
				CODE_SIGN_STYLE = Automatic;
				CURRENT_PROJECT_VERSION = 1;
				DEVELOPMENT_TEAM = 55M8D74RGH;
				GENERATE_INFOPLIST_FILE = YES;
				IPHONEOS_DEPLOYMENT_TARGET = 16.4;
				MARKETING_VERSION = 1.0;
				PRODUCT_BUNDLE_IDENTIFIER = com.avocadojapan.CryptoChatTests;
				PRODUCT_NAME = "$(TARGET_NAME)";
				SWIFT_EMIT_LOC_STRINGS = NO;
				SWIFT_VERSION = 5.0;
				TARGETED_DEVICE_FAMILY = "1,2";
				TEST_HOST = "$(BUILT_PRODUCTS_DIR)/CryptoChat.app/$(BUNDLE_EXECUTABLE_FOLDER_PATH)/CryptoChat";
			};
			name = Release;
		};
		3D6804C329F9B75A00A48BC3 /* Debug */ = {
			isa = XCBuildConfiguration;
			buildSettings = {
				ALWAYS_EMBED_SWIFT_STANDARD_LIBRARIES = YES;
				CODE_SIGN_STYLE = Automatic;
				CURRENT_PROJECT_VERSION = 1;
				DEVELOPMENT_TEAM = 55M8D74RGH;
				GENERATE_INFOPLIST_FILE = YES;
				MARKETING_VERSION = 1.0;
				PRODUCT_BUNDLE_IDENTIFIER = com.avocadojapan.CryptoChatUITests;
				PRODUCT_NAME = "$(TARGET_NAME)";
				SWIFT_EMIT_LOC_STRINGS = NO;
				SWIFT_VERSION = 5.0;
				TARGETED_DEVICE_FAMILY = "1,2";
				TEST_TARGET_NAME = CryptoChat;
			};
			name = Debug;
		};
		3D6804C429F9B75A00A48BC3 /* Release */ = {
			isa = XCBuildConfiguration;
			buildSettings = {
				ALWAYS_EMBED_SWIFT_STANDARD_LIBRARIES = YES;
				CODE_SIGN_STYLE = Automatic;
				CURRENT_PROJECT_VERSION = 1;
				DEVELOPMENT_TEAM = 55M8D74RGH;
				GENERATE_INFOPLIST_FILE = YES;
				MARKETING_VERSION = 1.0;
				PRODUCT_BUNDLE_IDENTIFIER = com.avocadojapan.CryptoChatUITests;
				PRODUCT_NAME = "$(TARGET_NAME)";
				SWIFT_EMIT_LOC_STRINGS = NO;
				SWIFT_VERSION = 5.0;
				TARGETED_DEVICE_FAMILY = "1,2";
				TEST_TARGET_NAME = CryptoChat;
			};
			name = Release;
		};
/* End XCBuildConfiguration section */

/* Begin XCConfigurationList section */
		3D68048A29F9B75900A48BC3 /* Build configuration list for PBXProject "CryptoChat" */ = {
			isa = XCConfigurationList;
			buildConfigurations = (
				3D6804BA29F9B75A00A48BC3 /* Debug */,
				3D6804BB29F9B75A00A48BC3 /* Release */,
			);
			defaultConfigurationIsVisible = 0;
			defaultConfigurationName = Release;
		};
		3D6804BC29F9B75A00A48BC3 /* Build configuration list for PBXNativeTarget "CryptoChat" */ = {
			isa = XCConfigurationList;
			buildConfigurations = (
				3D6804BD29F9B75A00A48BC3 /* Debug */,
				3D6804BE29F9B75A00A48BC3 /* Release */,
			);
			defaultConfigurationIsVisible = 0;
			defaultConfigurationName = Release;
		};
		3D6804BF29F9B75A00A48BC3 /* Build configuration list for PBXNativeTarget "CryptoChatTests" */ = {
			isa = XCConfigurationList;
			buildConfigurations = (
				3D6804C029F9B75A00A48BC3 /* Debug */,
				3D6804C129F9B75A00A48BC3 /* Release */,
			);
			defaultConfigurationIsVisible = 0;
			defaultConfigurationName = Release;
		};
		3D6804C229F9B75A00A48BC3 /* Build configuration list for PBXNativeTarget "CryptoChatUITests" */ = {
			isa = XCConfigurationList;
			buildConfigurations = (
				3D6804C329F9B75A00A48BC3 /* Debug */,
				3D6804C429F9B75A00A48BC3 /* Release */,
			);
			defaultConfigurationIsVisible = 0;
			defaultConfigurationName = Release;
		};
/* End XCConfigurationList section */

/* Begin XCRemoteSwiftPackageReference section */
		3D6804C529F9B80600A48BC3 /* XCRemoteSwiftPackageReference "Alamofire" */ = {
			isa = XCRemoteSwiftPackageReference;
			repositoryURL = "https://github.com/Alamofire/Alamofire.git";
			requirement = {
				kind = upToNextMajorVersion;
				minimumVersion = 5.0.0;
			};
		};
		3D6804C829F9B83800A48BC3 /* XCRemoteSwiftPackageReference "SnapKit" */ = {
			isa = XCRemoteSwiftPackageReference;
			repositoryURL = "https://github.com/SnapKit/SnapKit.git";
			requirement = {
				kind = upToNextMajorVersion;
				minimumVersion = 5.0.0;
			};
		};
		3D6804CB29F9B86200A48BC3 /* XCRemoteSwiftPackageReference "SwiftyJSON" */ = {
			isa = XCRemoteSwiftPackageReference;
			repositoryURL = "https://github.com/SwiftyJSON/SwiftyJSON.git";
			requirement = {
				kind = upToNextMajorVersion;
				minimumVersion = 5.0.0;
			};
		};
/* End XCRemoteSwiftPackageReference section */

/* Begin XCSwiftPackageProductDependency section */
		3D6804C629F9B80600A48BC3 /* Alamofire */ = {
			isa = XCSwiftPackageProductDependency;
			package = 3D6804C529F9B80600A48BC3 /* XCRemoteSwiftPackageReference "Alamofire" */;
			productName = Alamofire;
		};
		3D6804C929F9B83800A48BC3 /* SnapKit */ = {
			isa = XCSwiftPackageProductDependency;
			package = 3D6804C829F9B83800A48BC3 /* XCRemoteSwiftPackageReference "SnapKit" */;
			productName = SnapKit;
		};
		3D6804CC29F9B86200A48BC3 /* SwiftyJSON */ = {
			isa = XCSwiftPackageProductDependency;
			package = 3D6804CB29F9B86200A48BC3 /* XCRemoteSwiftPackageReference "SwiftyJSON" */;
			productName = SwiftyJSON;
		};
/* End XCSwiftPackageProductDependency section */

/* Begin XCVersionGroup section */
		3D68049B29F9B75900A48BC3 /* CryptoChat.xcdatamodeld */ = {
			isa = XCVersionGroup;
			children = (
				3D68049C29F9B75900A48BC3 /* CryptoChat.xcdatamodel */,
			);
			currentVersion = 3D68049C29F9B75900A48BC3 /* CryptoChat.xcdatamodel */;
			path = CryptoChat.xcdatamodeld;
			sourceTree = "<group>";
			versionGroupType = wrapper.xcdatamodel;
		};
/* End XCVersionGroup section */
	};
	rootObject = 3D68048729F9B75900A48BC3 /* Project object */;
}
